// !$*UTF8*$!
{
	archiveVersion = 1;
	classes = {
	};
	objectVersion = 46;
	objects = {

/* Begin PBXBuildFile section */
		0AF15B411DCD38CD00B0AA99 /* EstimoteSDK.framework in Frameworks */ = {isa = PBXBuildFile; fileRef = 0AF15B401DCD38CD00B0AA99 /* EstimoteSDK.framework */; };
		D121EDBB1D064F8600C42F1A /* railroad_crossing_bell-.mp3 in Resources */ = {isa = PBXBuildFile; fileRef = D121EDBA1D064F8600C42F1A /* railroad_crossing_bell-.mp3 */; };
		D1A126F31CFC701000D9A86A /* AppDelegate.swift in Sources */ = {isa = PBXBuildFile; fileRef = D1A126F21CFC701000D9A86A /* AppDelegate.swift */; };
		D1A126F51CFC701000D9A86A /* ViewController.swift in Sources */ = {isa = PBXBuildFile; fileRef = D1A126F41CFC701000D9A86A /* ViewController.swift */; };
		D1A126F81CFC701000D9A86A /* Main.storyboard in Resources */ = {isa = PBXBuildFile; fileRef = D1A126F61CFC701000D9A86A /* Main.storyboard */; };
		D1A126FA1CFC701000D9A86A /* Assets.xcassets in Resources */ = {isa = PBXBuildFile; fileRef = D1A126F91CFC701000D9A86A /* Assets.xcassets */; };
		D1A126FD1CFC701000D9A86A /* LaunchScreen.storyboard in Resources */ = {isa = PBXBuildFile; fileRef = D1A126FB1CFC701000D9A86A /* LaunchScreen.storyboard */; };
		D1A127051CFC742400D9A86A /* AlarmTimePickerView.swift in Sources */ = {isa = PBXBuildFile; fileRef = D1A127041CFC742400D9A86A /* AlarmTimePickerView.swift */; };
		D1A1270B1CFE804500D9A86A /* CoreLocation.framework in Frameworks */ = {isa = PBXBuildFile; fileRef = D1A1270A1CFE804400D9A86A /* CoreLocation.framework */; };
		D1A1270D1CFE805000D9A86A /* CoreBluetooth.framework in Frameworks */ = {isa = PBXBuildFile; fileRef = D1A1270C1CFE805000D9A86A /* CoreBluetooth.framework */; };
		D1A1270F1CFE805900D9A86A /* Foundation.framework in Frameworks */ = {isa = PBXBuildFile; fileRef = D1A1270E1CFE805900D9A86A /* Foundation.framework */; };
		D1A127111CFE806A00D9A86A /* SystemConfiguration.framework in Frameworks */ = {isa = PBXBuildFile; fileRef = D1A127101CFE806A00D9A86A /* SystemConfiguration.framework */; };
/* End PBXBuildFile section */

/* Begin PBXFileReference section */
		03E904C70012073DB967AA01 /* Pods_carpeDialarm.framework */ = {isa = PBXFileReference; explicitFileType = wrapper.framework; includeInIndex = 0; path = Pods_carpeDialarm.framework; sourceTree = BUILT_PRODUCTS_DIR; };
		0AF15B401DCD38CD00B0AA99 /* EstimoteSDK.framework */ = {isa = PBXFileReference; lastKnownFileType = wrapper.framework; path = EstimoteSDK.framework; sourceTree = "<group>"; };
		48D130FA81602662BF6B6FAD /* Pods-carpeDialarm.release.xcconfig */ = {isa = PBXFileReference; includeInIndex = 1; lastKnownFileType = text.xcconfig; name = "Pods-carpeDialarm.release.xcconfig"; path = "Pods/Target Support Files/Pods-carpeDialarm/Pods-carpeDialarm.release.xcconfig"; sourceTree = "<group>"; };
		57B0B3523B39CCE904DF8AC6 /* Pods-carpeDialarm.debug.xcconfig */ = {isa = PBXFileReference; includeInIndex = 1; lastKnownFileType = text.xcconfig; name = "Pods-carpeDialarm.debug.xcconfig"; path = "Pods/Target Support Files/Pods-carpeDialarm/Pods-carpeDialarm.debug.xcconfig"; sourceTree = "<group>"; };
		D121EDBA1D064F8600C42F1A /* railroad_crossing_bell-.mp3 */ = {isa = PBXFileReference; lastKnownFileType = audio.mp3; path = "railroad_crossing_bell-.mp3"; sourceTree = "<group>"; };
		D1A126EF1CFC701000D9A86A /* carpeDialarm.app */ = {isa = PBXFileReference; explicitFileType = wrapper.application; includeInIndex = 0; path = carpeDialarm.app; sourceTree = BUILT_PRODUCTS_DIR; };
		D1A126F21CFC701000D9A86A /* AppDelegate.swift */ = {isa = PBXFileReference; lastKnownFileType = sourcecode.swift; path = AppDelegate.swift; sourceTree = "<group>"; };
		D1A126F41CFC701000D9A86A /* ViewController.swift */ = {isa = PBXFileReference; lastKnownFileType = sourcecode.swift; path = ViewController.swift; sourceTree = "<group>"; };
		D1A126F71CFC701000D9A86A /* Base */ = {isa = PBXFileReference; lastKnownFileType = file.storyboard; name = Base; path = Base.lproj/Main.storyboard; sourceTree = "<group>"; };
		D1A126F91CFC701000D9A86A /* Assets.xcassets */ = {isa = PBXFileReference; lastKnownFileType = folder.assetcatalog; path = Assets.xcassets; sourceTree = "<group>"; };
		D1A126FC1CFC701000D9A86A /* Base */ = {isa = PBXFileReference; lastKnownFileType = file.storyboard; name = Base; path = Base.lproj/LaunchScreen.storyboard; sourceTree = "<group>"; };
		D1A126FE1CFC701000D9A86A /* Info.plist */ = {isa = PBXFileReference; lastKnownFileType = text.plist.xml; path = Info.plist; sourceTree = "<group>"; };
		D1A127041CFC742400D9A86A /* AlarmTimePickerView.swift */ = {isa = PBXFileReference; fileEncoding = 4; lastKnownFileType = sourcecode.swift; path = AlarmTimePickerView.swift; sourceTree = "<group>"; };
		D1A127071CFE711E00D9A86A /* ObjCBridge.h */ = {isa = PBXFileReference; lastKnownFileType = sourcecode.c.h; name = ObjCBridge.h; path = ../ObjCBridge.h; sourceTree = "<group>"; };
		D1A127081CFE745500D9A86A /* EstimoteSDK.framework */ = {isa = PBXFileReference; lastKnownFileType = wrapper.framework; path = EstimoteSDK.framework; sourceTree = "<group>"; };
		D1A1270A1CFE804400D9A86A /* CoreLocation.framework */ = {isa = PBXFileReference; lastKnownFileType = wrapper.framework; name = CoreLocation.framework; path = System/Library/Frameworks/CoreLocation.framework; sourceTree = SDKROOT; };
		D1A1270C1CFE805000D9A86A /* CoreBluetooth.framework */ = {isa = PBXFileReference; lastKnownFileType = wrapper.framework; name = CoreBluetooth.framework; path = System/Library/Frameworks/CoreBluetooth.framework; sourceTree = SDKROOT; };
		D1A1270E1CFE805900D9A86A /* Foundation.framework */ = {isa = PBXFileReference; lastKnownFileType = wrapper.framework; name = Foundation.framework; path = System/Library/Frameworks/Foundation.framework; sourceTree = SDKROOT; };
		D1A127101CFE806A00D9A86A /* SystemConfiguration.framework */ = {isa = PBXFileReference; lastKnownFileType = wrapper.framework; name = SystemConfiguration.framework; path = System/Library/Frameworks/SystemConfiguration.framework; sourceTree = SDKROOT; };
/* End PBXFileReference section */

/* Begin PBXFrameworksBuildPhase section */
		D1A126EC1CFC701000D9A86A /* Frameworks */ = {
			isa = PBXFrameworksBuildPhase;
			buildActionMask = 2147483647;
			files = (
				D1A127111CFE806A00D9A86A /* SystemConfiguration.framework in Frameworks */,
				0AF15B411DCD38CD00B0AA99 /* EstimoteSDK.framework in Frameworks */,
				D1A1270F1CFE805900D9A86A /* Foundation.framework in Frameworks */,
				D1A1270D1CFE805000D9A86A /* CoreBluetooth.framework in Frameworks */,
				D1A1270B1CFE804500D9A86A /* CoreLocation.framework in Frameworks */,
			);
			runOnlyForDeploymentPostprocessing = 0;
		};
/* End PBXFrameworksBuildPhase section */

/* Begin PBXGroup section */
		4B4799B12EE3B0DCF7933417 /* Pods */ = {
			isa = PBXGroup;
			children = (
				57B0B3523B39CCE904DF8AC6 /* Pods-carpeDialarm.debug.xcconfig */,
				48D130FA81602662BF6B6FAD /* Pods-carpeDialarm.release.xcconfig */,
			);
			name = Pods;
			sourceTree = "<group>";
		};
		CE49DC8B3F20AD011F9BECE8 /* Frameworks */ = {
			isa = PBXGroup;
			children = (
				0AF15B401DCD38CD00B0AA99 /* EstimoteSDK.framework */,
				03E904C70012073DB967AA01 /* Pods_carpeDialarm.framework */,
			);
			name = Frameworks;
			sourceTree = "<group>";
		};
		D1A126E61CFC701000D9A86A = {
			isa = PBXGroup;
			children = (
				D1A126F11CFC701000D9A86A /* carpeDialarm */,
				D1A126F01CFC701000D9A86A /* Products */,
				4B4799B12EE3B0DCF7933417 /* Pods */,
				CE49DC8B3F20AD011F9BECE8 /* Frameworks */,
			);
			sourceTree = "<group>";
		};
		D1A126F01CFC701000D9A86A /* Products */ = {
			isa = PBXGroup;
			children = (
				D1A126EF1CFC701000D9A86A /* carpeDialarm.app */,
			);
			name = Products;
			sourceTree = "<group>";
		};
		D1A126F11CFC701000D9A86A /* carpeDialarm */ = {
			isa = PBXGroup;
			children = (
				D1A126F61CFC701000D9A86A /* Main.storyboard */,
				D1A126FB1CFC701000D9A86A /* LaunchScreen.storyboard */,
				D1A127071CFE711E00D9A86A /* ObjCBridge.h */,
				D1A126F21CFC701000D9A86A /* AppDelegate.swift */,
				D1A126F41CFC701000D9A86A /* ViewController.swift */,
				D1A127041CFC742400D9A86A /* AlarmTimePickerView.swift */,
				D1A126F91CFC701000D9A86A /* Assets.xcassets */,
				D121EDBA1D064F8600C42F1A /* railroad_crossing_bell-.mp3 */,
				D1A126FE1CFC701000D9A86A /* Info.plist */,
				D1A127061CFE70CC00D9A86A /* Supporting Files */,
			);
			path = carpeDialarm;
			sourceTree = "<group>";
		};
		D1A127061CFE70CC00D9A86A /* Supporting Files */ = {
			isa = PBXGroup;
			children = (
				D1A127101CFE806A00D9A86A /* SystemConfiguration.framework */,
				D1A1270E1CFE805900D9A86A /* Foundation.framework */,
				D1A1270C1CFE805000D9A86A /* CoreBluetooth.framework */,
				D1A1270A1CFE804400D9A86A /* CoreLocation.framework */,
				D1A127081CFE745500D9A86A /* EstimoteSDK.framework */,
			);
			name = "Supporting Files";
			sourceTree = "<group>";
		};
/* End PBXGroup section */

/* Begin PBXNativeTarget section */
		D1A126EE1CFC701000D9A86A /* carpeDialarm */ = {
			isa = PBXNativeTarget;
			buildConfigurationList = D1A127011CFC701000D9A86A /* Build configuration list for PBXNativeTarget "carpeDialarm" */;
			buildPhases = (
				E5AB529EDAEFF9194B4710DE /* [CP] Check Pods Manifest.lock */,
				D1A126EB1CFC701000D9A86A /* Sources */,
				D1A126EC1CFC701000D9A86A /* Frameworks */,
				D1A126ED1CFC701000D9A86A /* Resources */,
				0EC8B73E73B61F4054B113AB /* [CP] Embed Pods Frameworks */,
				90C8C29B6ADD62E66295FF29 /* [CP] Copy Pods Resources */,
			);
			buildRules = (
			);
			dependencies = (
			);
			name = carpeDialarm;
			productName = carpeDialarm;
			productReference = D1A126EF1CFC701000D9A86A /* carpeDialarm.app */;
			productType = "com.apple.product-type.application";
		};
/* End PBXNativeTarget section */

/* Begin PBXProject section */
		D1A126E71CFC701000D9A86A /* Project object */ = {
			isa = PBXProject;
			attributes = {
				LastSwiftUpdateCheck = 0720;
				LastUpgradeCheck = 0720;
				ORGANIZATIONNAME = "Kevin Doherty";
				TargetAttributes = {
					D1A126EE1CFC701000D9A86A = {
						CreatedOnToolsVersion = 7.2;
						DevelopmentTeam = U6LLNV8Q7K;
						LastSwiftMigration = 0800;
						SystemCapabilities = {
							com.apple.BackgroundModes = {
								enabled = 1;
							};
						};
					};
				};
			};
			buildConfigurationList = D1A126EA1CFC701000D9A86A /* Build configuration list for PBXProject "carpeDialarm" */;
			compatibilityVersion = "Xcode 3.2";
			developmentRegion = English;
			hasScannedForEncodings = 0;
			knownRegions = (
				en,
				Base,
			);
			mainGroup = D1A126E61CFC701000D9A86A;
			productRefGroup = D1A126F01CFC701000D9A86A /* Products */;
			projectDirPath = "";
			projectRoot = "";
			targets = (
				D1A126EE1CFC701000D9A86A /* carpeDialarm */,
			);
		};
/* End PBXProject section */

/* Begin PBXResourcesBuildPhase section */
		D1A126ED1CFC701000D9A86A /* Resources */ = {
			isa = PBXResourcesBuildPhase;
			buildActionMask = 2147483647;
			files = (
				D1A126FD1CFC701000D9A86A /* LaunchScreen.storyboard in Resources */,
				D1A126FA1CFC701000D9A86A /* Assets.xcassets in Resources */,
				D1A126F81CFC701000D9A86A /* Main.storyboard in Resources */,
				D121EDBB1D064F8600C42F1A /* railroad_crossing_bell-.mp3 in Resources */,
			);
			runOnlyForDeploymentPostprocessing = 0;
		};
/* End PBXResourcesBuildPhase section */

/* Begin PBXShellScriptBuildPhase section */
		0EC8B73E73B61F4054B113AB /* [CP] Embed Pods Frameworks */ = {
			isa = PBXShellScriptBuildPhase;
			buildActionMask = 2147483647;
			files = (
			);
			inputPaths = (
			);
			name = "[CP] Embed Pods Frameworks";
			outputPaths = (
			);
			runOnlyForDeploymentPostprocessing = 0;
			shellPath = /bin/sh;
			shellScript = "\"${SRCROOT}/Pods/Target Support Files/Pods-carpeDialarm/Pods-carpeDialarm-frameworks.sh\"\n";
			showEnvVarsInLog = 0;
		};
		90C8C29B6ADD62E66295FF29 /* [CP] Copy Pods Resources */ = {
			isa = PBXShellScriptBuildPhase;
			buildActionMask = 2147483647;
			files = (
			);
			inputPaths = (
			);
			name = "[CP] Copy Pods Resources";
			outputPaths = (
			);
			runOnlyForDeploymentPostprocessing = 0;
			shellPath = /bin/sh;
			shellScript = "\"${SRCROOT}/Pods/Target Support Files/Pods-carpeDialarm/Pods-carpeDialarm-resources.sh\"\n";
			showEnvVarsInLog = 0;
		};
		E5AB529EDAEFF9194B4710DE /* [CP] Check Pods Manifest.lock */ = {
			isa = PBXShellScriptBuildPhase;
			buildActionMask = 2147483647;
			files = (
			);
			inputPaths = (
				"${PODS_PODFILE_DIR_PATH}/Podfile.lock",
				"${PODS_ROOT}/Manifest.lock",
			);
			name = "[CP] Check Pods Manifest.lock";
			outputPaths = (
				"$(DERIVED_FILE_DIR)/Pods-carpeDialarm-checkManifestLockResult.txt",
			);
			runOnlyForDeploymentPostprocessing = 0;
			shellPath = /bin/sh;
			shellScript = "diff \"${PODS_PODFILE_DIR_PATH}/Podfile.lock\" \"${PODS_ROOT}/Manifest.lock\" > /dev/null\nif [ $? != 0 ] ; then\n    # print error to STDERR\n    echo \"error: The sandbox is not in sync with the Podfile.lock. Run 'pod install' or update your CocoaPods installation.\" >&2\n    exit 1\nfi\n# This output is used by Xcode 'outputs' to avoid re-running this script phase.\necho \"SUCCESS\" > \"${SCRIPT_OUTPUT_FILE_0}\"\n";
			showEnvVarsInLog = 0;
		};
/* End PBXShellScriptBuildPhase section */

/* Begin PBXSourcesBuildPhase section */
		D1A126EB1CFC701000D9A86A /* Sources */ = {
			isa = PBXSourcesBuildPhase;
			buildActionMask = 2147483647;
			files = (
				D1A127051CFC742400D9A86A /* AlarmTimePickerView.swift in Sources */,
				D1A126F51CFC701000D9A86A /* ViewController.swift in Sources */,
				D1A126F31CFC701000D9A86A /* AppDelegate.swift in Sources */,
			);
			runOnlyForDeploymentPostprocessing = 0;
		};
/* End PBXSourcesBuildPhase section */

/* Begin PBXVariantGroup section */
		D1A126F61CFC701000D9A86A /* Main.storyboard */ = {
			isa = PBXVariantGroup;
			children = (
				D1A126F71CFC701000D9A86A /* Base */,
			);
			name = Main.storyboard;
			sourceTree = "<group>";
		};
		D1A126FB1CFC701000D9A86A /* LaunchScreen.storyboard */ = {
			isa = PBXVariantGroup;
			children = (
				D1A126FC1CFC701000D9A86A /* Base */,
			);
			name = LaunchScreen.storyboard;
			sourceTree = "<group>";
		};
/* End PBXVariantGroup section */

/* Begin XCBuildConfiguration section */
		D1A126FF1CFC701000D9A86A /* Debug */ = {
			isa = XCBuildConfiguration;
			buildSettings = {
				ALWAYS_SEARCH_USER_PATHS = NO;
				CLANG_CXX_LANGUAGE_STANDARD = "gnu++0x";
				CLANG_CXX_LIBRARY = "libc++";
				CLANG_ENABLE_MODULES = YES;
				CLANG_ENABLE_OBJC_ARC = YES;
				CLANG_WARN_BOOL_CONVERSION = YES;
				CLANG_WARN_CONSTANT_CONVERSION = YES;
				CLANG_WARN_DIRECT_OBJC_ISA_USAGE = YES_ERROR;
				CLANG_WARN_EMPTY_BODY = YES;
				CLANG_WARN_ENUM_CONVERSION = YES;
				CLANG_WARN_INT_CONVERSION = YES;
				CLANG_WARN_OBJC_ROOT_CLASS = YES_ERROR;
				CLANG_WARN_UNREACHABLE_CODE = YES;
				CLANG_WARN__DUPLICATE_METHOD_MATCH = YES;
				"CODE_SIGN_IDENTITY[sdk=iphoneos*]" = "iPhone Developer";
				COPY_PHASE_STRIP = NO;
				DEBUG_INFORMATION_FORMAT = dwarf;
				ENABLE_BITCODE = NO;
				ENABLE_STRICT_OBJC_MSGSEND = YES;
				ENABLE_TESTABILITY = YES;
				GCC_C_LANGUAGE_STANDARD = gnu99;
				GCC_DYNAMIC_NO_PIC = NO;
				GCC_NO_COMMON_BLOCKS = YES;
				GCC_OPTIMIZATION_LEVEL = 0;
				GCC_PREPROCESSOR_DEFINITIONS = (
					"DEBUG=1",
					"$(inherited)",
				);
				GCC_WARN_64_TO_32_BIT_CONVERSION = YES;
				GCC_WARN_ABOUT_RETURN_TYPE = YES_ERROR;
				GCC_WARN_UNDECLARED_SELECTOR = YES;
				GCC_WARN_UNINITIALIZED_AUTOS = YES_AGGRESSIVE;
				GCC_WARN_UNUSED_FUNCTION = YES;
				GCC_WARN_UNUSED_VARIABLE = YES;
				IPHONEOS_DEPLOYMENT_TARGET = 9.2;
				MTL_ENABLE_DEBUG_INFO = YES;
				ONLY_ACTIVE_ARCH = YES;
				SDKROOT = iphoneos;
				SWIFT_INSTALL_OBJC_HEADER = YES;
				SWIFT_OBJC_BRIDGING_HEADER = "$(PROJECT_DIR)/ObjCBridge.h";
				SWIFT_OPTIMIZATION_LEVEL = "-Onone";
				TARGETED_DEVICE_FAMILY = "1,2";
			};
			name = Debug;
		};
		D1A127001CFC701000D9A86A /* Release */ = {
			isa = XCBuildConfiguration;
			buildSettings = {
				ALWAYS_SEARCH_USER_PATHS = NO;
				CLANG_CXX_LANGUAGE_STANDARD = "gnu++0x";
				CLANG_CXX_LIBRARY = "libc++";
				CLANG_ENABLE_MODULES = YES;
				CLANG_ENABLE_OBJC_ARC = YES;
				CLANG_WARN_BOOL_CONVERSION = YES;
				CLANG_WARN_CONSTANT_CONVERSION = YES;
				CLANG_WARN_DIRECT_OBJC_ISA_USAGE = YES_ERROR;
				CLANG_WARN_EMPTY_BODY = YES;
				CLANG_WARN_ENUM_CONVERSION = YES;
				CLANG_WARN_INT_CONVERSION = YES;
				CLANG_WARN_OBJC_ROOT_CLASS = YES_ERROR;
				CLANG_WARN_UNREACHABLE_CODE = YES;
				CLANG_WARN__DUPLICATE_METHOD_MATCH = YES;
				"CODE_SIGN_IDENTITY[sdk=iphoneos*]" = "iPhone Developer";
				COPY_PHASE_STRIP = NO;
				DEBUG_INFORMATION_FORMAT = "dwarf-with-dsym";
				ENABLE_BITCODE = NO;
				ENABLE_NS_ASSERTIONS = NO;
				ENABLE_STRICT_OBJC_MSGSEND = YES;
				GCC_C_LANGUAGE_STANDARD = gnu99;
				GCC_NO_COMMON_BLOCKS = YES;
				GCC_WARN_64_TO_32_BIT_CONVERSION = YES;
				GCC_WARN_ABOUT_RETURN_TYPE = YES_ERROR;
				GCC_WARN_UNDECLARED_SELECTOR = YES;
				GCC_WARN_UNINITIALIZED_AUTOS = YES_AGGRESSIVE;
				GCC_WARN_UNUSED_FUNCTION = YES;
				GCC_WARN_UNUSED_VARIABLE = YES;
				IPHONEOS_DEPLOYMENT_TARGET = 9.2;
				MTL_ENABLE_DEBUG_INFO = NO;
				SDKROOT = iphoneos;
				SWIFT_INSTALL_OBJC_HEADER = YES;
				SWIFT_OBJC_BRIDGING_HEADER = "$(PROJECT_DIR)/ObjCBridge.h";
				TARGETED_DEVICE_FAMILY = "1,2";
				VALIDATE_PRODUCT = YES;
			};
			name = Release;
		};
		D1A127021CFC701000D9A86A /* Debug */ = {
			isa = XCBuildConfiguration;
			baseConfigurationReference = 57B0B3523B39CCE904DF8AC6 /* Pods-carpeDialarm.debug.xcconfig */;
			buildSettings = {
				ASSETCATALOG_COMPILER_APPICON_NAME = AppIcon;
				CODE_SIGN_IDENTITY = "iPhone Developer";
				FRAMEWORK_SEARCH_PATHS = (
					"$(inherited)",
					"$(PROJECT_DIR)/carpeDialarm",
					"$(PROJECT_DIR)",
				);
				INFOPLIST_FILE = carpeDialarm/Info.plist;
				IPHONEOS_DEPLOYMENT_TARGET = 10.3;
				LD_RUNPATH_SEARCH_PATHS = "$(inherited) @executable_path/Frameworks";
				PRODUCT_BUNDLE_IDENTIFIER = self.edu.kevin.carpeDialarm;
				PRODUCT_NAME = "$(TARGET_NAME)";
				SWIFT_OBJC_BRIDGING_HEADER = "$(PROJECT_DIR)/ObjCBridge.h";
				SWIFT_VERSION = 3.0;
				TARGETED_DEVICE_FAMILY = 1;
			};
			name = Debug;
		};
		D1A127031CFC701000D9A86A /* Release */ = {
			isa = XCBuildConfiguration;
			baseConfigurationReference = 48D130FA81602662BF6B6FAD /* Pods-carpeDialarm.release.xcconfig */;
			buildSettings = {
				ASSETCATALOG_COMPILER_APPICON_NAME = AppIcon;
				CODE_SIGN_IDENTITY = "iPhone Developer";
				FRAMEWORK_SEARCH_PATHS = (
					"$(inherited)",
					"$(PROJECT_DIR)/carpeDialarm",
					"$(PROJECT_DIR)",
				);
				INFOPLIST_FILE = carpeDialarm/Info.plist;
				IPHONEOS_DEPLOYMENT_TARGET = 10.3;
				LD_RUNPATH_SEARCH_PATHS = "$(inherited) @executable_path/Frameworks";
				PRODUCT_BUNDLE_IDENTIFIER = self.edu.kevin.carpeDialarm;
				PRODUCT_NAME = "$(TARGET_NAME)";
				SWIFT_OBJC_BRIDGING_HEADER = "$(PROJECT_DIR)/ObjCBridge.h";
				SWIFT_VERSION = 3.0;
				TARGETED_DEVICE_FAMILY = 1;
			};
			name = Release;
		};
/* End XCBuildConfiguration section */

/* Begin XCConfigurationList section */
		D1A126EA1CFC701000D9A86A /* Build configuration list for PBXProject "carpeDialarm" */ = {
			isa = XCConfigurationList;
			buildConfigurations = (
				D1A126FF1CFC701000D9A86A /* Debug */,
				D1A127001CFC701000D9A86A /* Release */,
			);
			defaultConfigurationIsVisible = 0;
			defaultConfigurationName = Release;
		};
		D1A127011CFC701000D9A86A /* Build configuration list for PBXNativeTarget "carpeDialarm" */ = {
			isa = XCConfigurationList;
			buildConfigurations = (
				D1A127021CFC701000D9A86A /* Debug */,
				D1A127031CFC701000D9A86A /* Release */,
			);
			defaultConfigurationIsVisible = 0;
			defaultConfigurationName = Release;
		};
/* End XCConfigurationList section */
	};
	rootObject = D1A126E71CFC701000D9A86A /* Project object */;
}
